
Microsoft Visual Studio Solution File, Format Version 12.00
Project("{FAE04EC0-301F-11D3-BF4B-00C04F79EFBC}") = "ImageAnalyzator", "ImageAnalyzator\ImageAnalyzator.csproj", "{DA7EBD24-6A5F-4FE9-8C8D-D3481D85B457}"
EndProject
Global
	GlobalSection(SolutionConfigurationPlatforms) = preSolution
		Debug|Any CPU = Debug|Any CPU
		Release|Any CPU = Release|Any CPU
	EndGlobalSection
	GlobalSection(ProjectConfigurationPlatforms) = postSolution
		{DA7EBD24-6A5F-4FE9-8C8D-D3481D85B457}.Debug|Any CPU.ActiveCfg = Debug|Any CPU
		{DA7EBD24-6A5F-4FE9-8C8D-D3481D85B457}.Debug|Any CPU.Build.0 = Debug|Any CPU
		{DA7EBD24-6A5F-4FE9-8C8D-D3481D85B457}.Release|Any CPU.ActiveCfg = Release|Any CPU
		{DA7EBD24-6A5F-4FE9-8C8D-D3481D85B457}.Release|Any CPU.Build.0 = Release|Any CPU
	EndGlobalSection
EndGlobal
